
Microsoft Visual Studio Solution File, Format Version 12.00
# Visual Studio Version 17
VisualStudioVersion = 17.4.33122.133
MinimumVisualStudioVersion = 10.0.40219.1
Project("{9A19103F-16F7-4668-BE54-9A1E7A4F7556}") = "MvcMovie", "ASPMVCintroductie\MvcMovie.csproj", "{0156A08B-3C32-40B7-8CFF-28123324E28D}"
EndProject
Global
	GlobalSection(SolutionConfigurationPlatforms) = preSolution
		Debug|Any CPU = Debug|Any CPU
		Release|Any CPU = Release|Any CPU
	EndGlobalSection
	GlobalSection(ProjectConfigurationPlatforms) = postSolution
		{0156A08B-3C32-40B7-8CFF-28123324E28D}.Debug|Any CPU.ActiveCfg = Debug|Any CPU
		{0156A08B-3C32-40B7-8CFF-28123324E28D}.Debug|Any CPU.Build.0 = Debug|Any CPU
		{0156A08B-3C32-40B7-8CFF-28123324E28D}.Release|Any CPU.ActiveCfg = Release|Any CPU
		{0156A08B-3C32-40B7-8CFF-28123324E28D}.Release|Any CPU.Build.0 = Release|Any CPU
	EndGlobalSection
	GlobalSection(SolutionProperties) = preSolution
		HideSolutionNode = FALSE
	EndGlobalSection
	GlobalSection(ExtensibilityGlobals) = postSolution
		SolutionGuid = {2771A6C2-7415-401E-B613-3A91E1566F20}
	EndGlobalSection
EndGlobal
